
Microsoft Visual Studio Solution File, Format Version 12.00
# Visual Studio Version 17
VisualStudioVersion = 17.6.33829.357
MinimumVisualStudioVersion = 10.0.40219.1
Project("{FAE04EC0-301F-11D3-BF4B-00C04F79EFBC}") = "papelaria", "papelaria\papelaria.csproj", "{ADBC1433-B4F1-4AE7-A4EE-278F72D12563}"
EndProject
Global
	GlobalSection(SolutionConfigurationPlatforms) = preSolution
		Debug|Any CPU = Debug|Any CPU
		Release|Any CPU = Release|Any CPU
	EndGlobalSection
	GlobalSection(ProjectConfigurationPlatforms) = postSolution
		{ADBC1433-B4F1-4AE7-A4EE-278F72D12563}.Debug|Any CPU.ActiveCfg = Debug|Any CPU
		{ADBC1433-B4F1-4AE7-A4EE-278F72D12563}.Debug|Any CPU.Build.0 = Debug|Any CPU
		{ADBC1433-B4F1-4AE7-A4EE-278F72D12563}.Release|Any CPU.ActiveCfg = Release|Any CPU
		{ADBC1433-B4F1-4AE7-A4EE-278F72D12563}.Release|Any CPU.Build.0 = Release|Any CPU
	EndGlobalSection
	GlobalSection(SolutionProperties) = preSolution
		HideSolutionNode = FALSE
	EndGlobalSection
	GlobalSection(ExtensibilityGlobals) = postSolution
		SolutionGuid = {596F5A04-1790-46A8-8C16-F8D78A01B38B}
	EndGlobalSection
EndGlobal
